
Microsoft Visual Studio Solution File, Format Version 12.00
# Visual Studio 2012
Project("{FAE04EC0-301F-11D3-BF4B-00C04F79EFBC}") = "PayPalMVC", "PayPalMVC\PayPalMVC.csproj", "{883E1EC7-4C14-46BF-A81B-197AB1128885}"
EndProject
Project("{FAE04EC0-301F-11D3-BF4B-00C04F79EFBC}") = "PayPalMVC.Tests", "PayPalMVC.Tests\PayPalMVC.Tests.csproj", "{FFC50245-ACD5-49C7-A0E7-9760ED4A3420}"
EndProject
Global
	GlobalSection(SolutionConfigurationPlatforms) = preSolution
		Debug|Any CPU = Debug|Any CPU
		Release|Any CPU = Release|Any CPU
	EndGlobalSection
	GlobalSection(ProjectConfigurationPlatforms) = postSolution
		{883E1EC7-4C14-46BF-A81B-197AB1128885}.Debug|Any CPU.ActiveCfg = Debug|Any CPU
		{883E1EC7-4C14-46BF-A81B-197AB1128885}.Debug|Any CPU.Build.0 = Debug|Any CPU
		{883E1EC7-4C14-46BF-A81B-197AB1128885}.Release|Any CPU.ActiveCfg = Release|Any CPU
		{883E1EC7-4C14-46BF-A81B-197AB1128885}.Release|Any CPU.Build.0 = Release|Any CPU
		{FFC50245-ACD5-49C7-A0E7-9760ED4A3420}.Debug|Any CPU.ActiveCfg = Debug|Any CPU
		{FFC50245-ACD5-49C7-A0E7-9760ED4A3420}.Debug|Any CPU.Build.0 = Debug|Any CPU
		{FFC50245-ACD5-49C7-A0E7-9760ED4A3420}.Release|Any CPU.ActiveCfg = Release|Any CPU
		{FFC50245-ACD5-49C7-A0E7-9760ED4A3420}.Release|Any CPU.Build.0 = Release|Any CPU
	EndGlobalSection
	GlobalSection(SolutionProperties) = preSolution
		HideSolutionNode = FALSE
	EndGlobalSection
EndGlobal
